
Microsoft Visual Studio Solution File, Format Version 12.00
# Visual Studio Version 17
VisualStudioVersion = 17.5.002.0
MinimumVisualStudioVersion = 10.0.40219.1
Project("{2150E333-8FDC-42A3-9474-1A3956D46DE8}") = "csharp-prep", "csharp-prep", "{B5E5F67C-1FDB-444A-9D7B-ADE6F97E5164}"
EndProject
Project("{9A19103F-16F7-4668-BE54-9A1E7A4F7556}") = "Prep1", "csharp-prep\Prep1\Prep1.csproj", "{CA8612AA-6C9C-4C5A-8D68-879F91D572EB}"
EndProject
Project("{9A19103F-16F7-4668-BE54-9A1E7A4F7556}") = "Prep2", "csharp-prep\Prep2\Prep2.csproj", "{B0104314-BFFB-43D3-8942-6ED5B9B32A75}"
EndProject
Project("{9A19103F-16F7-4668-BE54-9A1E7A4F7556}") = "Prep3", "csharp-prep\Prep3\Prep3.csproj", "{14FD891C-108D-4B20-84AF-DD11E634CA81}"
EndProject
Project("{9A19103F-16F7-4668-BE54-9A1E7A4F7556}") = "Prep4", "csharp-prep\Prep4\Prep4.csproj", "{C881E0C1-C4B3-4A4F-8F15-A970F9EDDCAB}"
EndProject
Project("{9A19103F-16F7-4668-BE54-9A1E7A4F7556}") = "Prep5", "csharp-prep\Prep5\Prep5.csproj", "{5A5162ED-789F-4BA4-B316-CE8E5D1A52F0}"
EndProject
Project("{2150E333-8FDC-42A3-9474-1A3956D46DE8}") = "final", "final", "{8EB4BA95-FAA7-4F81-8018-9BBD5B01D637}"
EndProject
Project("{9A19103F-16F7-4668-BE54-9A1E7A4F7556}") = "FinalProject", "final\FinalProject\FinalProject.csproj", "{F51D423D-1A2F-4A66-91A8-D06307E8DEBF}"
EndProject
Project("{9A19103F-16F7-4668-BE54-9A1E7A4F7556}") = "Foundation1", "final\Foundation1\Foundation1.csproj", "{B8239D3C-F375-4161-A39E-369421CE79BE}"
EndProject
Project("{9A19103F-16F7-4668-BE54-9A1E7A4F7556}") = "Foundation2", "final\Foundation2\Foundation2.csproj", "{D3FBA665-81A7-41BF-A751-19A8303FCDD1}"
EndProject
Project("{9A19103F-16F7-4668-BE54-9A1E7A4F7556}") = "Foundation3", "final\Foundation3\Foundation3.csproj", "{B0D41BDF-D7E5-46EC-8136-B0725D233C8B}"
EndProject
Project("{9A19103F-16F7-4668-BE54-9A1E7A4F7556}") = "Foundation4", "final\Foundation4\Foundation4.csproj", "{C9614CBC-4E76-4E37-AFBF-B32E27893C92}"
EndProject
Project("{2150E333-8FDC-42A3-9474-1A3956D46DE8}") = "prepare", "prepare", "{6D003C35-549A-4921-8B2E-F87C1D0A6E14}"
EndProject
Project("{9A19103F-16F7-4668-BE54-9A1E7A4F7556}") = "Learning02", "prepare\Learning02\Learning02.csproj", "{197BCDC3-1834-451D-B380-0533B9C525EB}"
EndProject
Project("{9A19103F-16F7-4668-BE54-9A1E7A4F7556}") = "Learning03", "prepare\Learning03\Learning03.csproj", "{5C925E1F-49CB-418F-BEA5-0DFFB77E1471}"
EndProject
Project("{9A19103F-16F7-4668-BE54-9A1E7A4F7556}") = "Learning04", "prepare\Learning04\Learning04.csproj", "{AB0E4DE5-A899-4B38-8B88-351890F50F0E}"
EndProject
Project("{9A19103F-16F7-4668-BE54-9A1E7A4F7556}") = "Learning05", "prepare\Learning05\Learning05.csproj", "{F17019AA-5518-4F65-B7E6-7D5A852B411A}"
EndProject
Project("{2150E333-8FDC-42A3-9474-1A3956D46DE8}") = "prove", "prove", "{1808914B-A038-475C-9D2C-E1474CC7B8AE}"
EndProject
Project("{9A19103F-16F7-4668-BE54-9A1E7A4F7556}") = "Develop02", "prove\Develop02\Develop02.csproj", "{89F6E8B3-0D90-4D27-A6D6-8A9C14331DC9}"
EndProject
Project("{9A19103F-16F7-4668-BE54-9A1E7A4F7556}") = "Develop03", "prove\Develop03\Develop03.csproj", "{65BA0E9F-5A5E-4158-8848-7CCB6F67496F}"
EndProject
Project("{9A19103F-16F7-4668-BE54-9A1E7A4F7556}") = "Develop04", "prove\Develop04\Develop04.csproj", "{71E74F12-AEFA-4BCA-8193-D3F437974BC7}"
EndProject
Project("{9A19103F-16F7-4668-BE54-9A1E7A4F7556}") = "Develop05", "prove\Develop05\Develop05.csproj", "{702F21B6-5497-4EE0-B712-8F0FE1676BD6}"
EndProject
Project("{2150E333-8FDC-42A3-9474-1A3956D46DE8}") = "sandbox", "sandbox", "{84179441-D959-4A61-9F66-79C81D39B5E7}"
EndProject
Project("{9A19103F-16F7-4668-BE54-9A1E7A4F7556}") = "Sandbox", "sandbox\Sandbox\Sandbox.csproj", "{BE44B37E-A71D-4ED8-B52F-71645C5BE0CF}"
EndProject
Global
	GlobalSection(SolutionConfigurationPlatforms) = preSolution
		Debug|Any CPU = Debug|Any CPU
		Release|Any CPU = Release|Any CPU
	EndGlobalSection
	GlobalSection(ProjectConfigurationPlatforms) = postSolution
		{CA8612AA-6C9C-4C5A-8D68-879F91D572EB}.Debug|Any CPU.ActiveCfg = Debug|Any CPU
		{CA8612AA-6C9C-4C5A-8D68-879F91D572EB}.Debug|Any CPU.Build.0 = Debug|Any CPU
		{CA8612AA-6C9C-4C5A-8D68-879F91D572EB}.Release|Any CPU.ActiveCfg = Release|Any CPU
		{CA8612AA-6C9C-4C5A-8D68-879F91D572EB}.Release|Any CPU.Build.0 = Release|Any CPU
		{B0104314-BFFB-43D3-8942-6ED5B9B32A75}.Debug|Any CPU.ActiveCfg = Debug|Any CPU
		{B0104314-BFFB-43D3-8942-6ED5B9B32A75}.Debug|Any CPU.Build.0 = Debug|Any CPU
		{B0104314-BFFB-43D3-8942-6ED5B9B32A75}.Release|Any CPU.ActiveCfg = Release|Any CPU
		{B0104314-BFFB-43D3-8942-6ED5B9B32A75}.Release|Any CPU.Build.0 = Release|Any CPU
		{14FD891C-108D-4B20-84AF-DD11E634CA81}.Debug|Any CPU.ActiveCfg = Debug|Any CPU
		{14FD891C-108D-4B20-84AF-DD11E634CA81}.Debug|Any CPU.Build.0 = Debug|Any CPU
		{14FD891C-108D-4B20-84AF-DD11E634CA81}.Release|Any CPU.ActiveCfg = Release|Any CPU
		{14FD891C-108D-4B20-84AF-DD11E634CA81}.Release|Any CPU.Build.0 = Release|Any CPU
		{C881E0C1-C4B3-4A4F-8F15-A970F9EDDCAB}.Debug|Any CPU.ActiveCfg = Debug|Any CPU
		{C881E0C1-C4B3-4A4F-8F15-A970F9EDDCAB}.Debug|Any CPU.Build.0 = Debug|Any CPU
		{C881E0C1-C4B3-4A4F-8F15-A970F9EDDCAB}.Release|Any CPU.ActiveCfg = Release|Any CPU
		{C881E0C1-C4B3-4A4F-8F15-A970F9EDDCAB}.Release|Any CPU.Build.0 = Release|Any CPU
		{5A5162ED-789F-4BA4-B316-CE8E5D1A52F0}.Debug|Any CPU.ActiveCfg = Debug|Any CPU
		{5A5162ED-789F-4BA4-B316-CE8E5D1A52F0}.Debug|Any CPU.Build.0 = Debug|Any CPU
		{5A5162ED-789F-4BA4-B316-CE8E5D1A52F0}.Release|Any CPU.ActiveCfg = Release|Any CPU
		{5A5162ED-789F-4BA4-B316-CE8E5D1A52F0}.Release|Any CPU.Build.0 = Release|Any CPU
		{F51D423D-1A2F-4A66-91A8-D06307E8DEBF}.Debug|Any CPU.ActiveCfg = Debug|Any CPU
		{F51D423D-1A2F-4A66-91A8-D06307E8DEBF}.Debug|Any CPU.Build.0 = Debug|Any CPU
		{F51D423D-1A2F-4A66-91A8-D06307E8DEBF}.Release|Any CPU.ActiveCfg = Release|Any CPU
		{F51D423D-1A2F-4A66-91A8-D06307E8DEBF}.Release|Any CPU.Build.0 = Release|Any CPU
		{B8239D3C-F375-4161-A39E-369421CE79BE}.Debug|Any CPU.ActiveCfg = Debug|Any CPU
		{B8239D3C-F375-4161-A39E-369421CE79BE}.Debug|Any CPU.Build.0 = Debug|Any CPU
		{B8239D3C-F375-4161-A39E-369421CE79BE}.Release|Any CPU.ActiveCfg = Release|Any CPU
		{B8239D3C-F375-4161-A39E-369421CE79BE}.Release|Any CPU.Build.0 = Release|Any CPU
		{D3FBA665-81A7-41BF-A751-19A8303FCDD1}.Debug|Any CPU.ActiveCfg = Debug|Any CPU
		{D3FBA665-81A7-41BF-A751-19A8303FCDD1}.Debug|Any CPU.Build.0 = Debug|Any CPU
		{D3FBA665-81A7-41BF-A751-19A8303FCDD1}.Release|Any CPU.ActiveCfg = Release|Any CPU
		{D3FBA665-81A7-41BF-A751-19A8303FCDD1}.Release|Any CPU.Build.0 = Release|Any CPU
		{B0D41BDF-D7E5-46EC-8136-B0725D233C8B}.Debug|Any CPU.ActiveCfg = Debug|Any CPU
		{B0D41BDF-D7E5-46EC-8136-B0725D233C8B}.Debug|Any CPU.Build.0 = Debug|Any CPU
		{B0D41BDF-D7E5-46EC-8136-B0725D233C8B}.Release|Any CPU.ActiveCfg = Release|Any CPU
		{B0D41BDF-D7E5-46EC-8136-B0725D233C8B}.Release|Any CPU.Build.0 = Release|Any CPU
		{C9614CBC-4E76-4E37-AFBF-B32E27893C92}.Debug|Any CPU.ActiveCfg = Debug|Any CPU
		{C9614CBC-4E76-4E37-AFBF-B32E27893C92}.Debug|Any CPU.Build.0 = Debug|Any CPU
		{C9614CBC-4E76-4E37-AFBF-B32E27893C92}.Release|Any CPU.ActiveCfg = Release|Any CPU
		{C9614CBC-4E76-4E37-AFBF-B32E27893C92}.Release|Any CPU.Build.0 = Release|Any CPU
		{197BCDC3-1834-451D-B380-0533B9C525EB}.Debug|Any CPU.ActiveCfg = Debug|Any CPU
		{197BCDC3-1834-451D-B380-0533B9C525EB}.Debug|Any CPU.Build.0 = Debug|Any CPU
		{197BCDC3-1834-451D-B380-0533B9C525EB}.Release|Any CPU.ActiveCfg = Release|Any CPU
		{197BCDC3-1834-451D-B380-0533B9C525EB}.Release|Any CPU.Build.0 = Release|Any CPU
		{5C925E1F-49CB-418F-BEA5-0DFFB77E1471}.Debug|Any CPU.ActiveCfg = Debug|Any CPU
		{5C925E1F-49CB-418F-BEA5-0DFFB77E1471}.Debug|Any CPU.Build.0 = Debug|Any CPU
		{5C925E1F-49CB-418F-BEA5-0DFFB77E1471}.Release|Any CPU.ActiveCfg = Release|Any CPU
		{5C925E1F-49CB-418F-BEA5-0DFFB77E1471}.Release|Any CPU.Build.0 = Release|Any CPU
		{AB0E4DE5-A899-4B38-8B88-351890F50F0E}.Debug|Any CPU.ActiveCfg = Debug|Any CPU
		{AB0E4DE5-A899-4B38-8B88-351890F50F0E}.Debug|Any CPU.Build.0 = Debug|Any CPU
		{AB0E4DE5-A899-4B38-8B88-351890F50F0E}.Release|Any CPU.ActiveCfg = Release|Any CPU
		{AB0E4DE5-A899-4B38-8B88-351890F50F0E}.Release|Any CPU.Build.0 = Release|Any CPU
		{F17019AA-5518-4F65-B7E6-7D5A852B411A}.Debug|Any CPU.ActiveCfg = Debug|Any CPU
		{F17019AA-5518-4F65-B7E6-7D5A852B411A}.Debug|Any CPU.Build.0 = Debug|Any CPU
		{F17019AA-5518-4F65-B7E6-7D5A852B411A}.Release|Any CPU.ActiveCfg = Release|Any CPU
		{F17019AA-5518-4F65-B7E6-7D5A852B411A}.Release|Any CPU.Build.0 = Release|Any CPU
		{89F6E8B3-0D90-4D27-A6D6-8A9C14331DC9}.Debug|Any CPU.ActiveCfg = Debug|Any CPU
		{89F6E8B3-0D90-4D27-A6D6-8A9C14331DC9}.Debug|Any CPU.Build.0 = Debug|Any CPU
		{89F6E8B3-0D90-4D27-A6D6-8A9C14331DC9}.Release|Any CPU.ActiveCfg = Release|Any CPU
		{89F6E8B3-0D90-4D27-A6D6-8A9C14331DC9}.Release|Any CPU.Build.0 = Release|Any CPU
		{65BA0E9F-5A5E-4158-8848-7CCB6F67496F}.Debug|Any CPU.ActiveCfg = Debug|Any CPU
		{65BA0E9F-5A5E-4158-8848-7CCB6F67496F}.Debug|Any CPU.Build.0 = Debug|Any CPU
		{65BA0E9F-5A5E-4158-8848-7CCB6F67496F}.Release|Any CPU.ActiveCfg = Release|Any CPU
		{65BA0E9F-5A5E-4158-8848-7CCB6F67496F}.Release|Any CPU.Build.0 = Release|Any CPU
		{71E74F12-AEFA-4BCA-8193-D3F437974BC7}.Debug|Any CPU.ActiveCfg = Debug|Any CPU
		{71E74F12-AEFA-4BCA-8193-D3F437974BC7}.Debug|Any CPU.Build.0 = Debug|Any CPU
		{71E74F12-AEFA-4BCA-8193-D3F437974BC7}.Release|Any CPU.ActiveCfg = Release|Any CPU
		{71E74F12-AEFA-4BCA-8193-D3F437974BC7}.Release|Any CPU.Build.0 = Release|Any CPU
		{702F21B6-5497-4EE0-B712-8F0FE1676BD6}.Debug|Any CPU.ActiveCfg = Debug|Any CPU
		{702F21B6-5497-4EE0-B712-8F0FE1676BD6}.Debug|Any CPU.Build.0 = Debug|Any CPU
		{702F21B6-5497-4EE0-B712-8F0FE1676BD6}.Release|Any CPU.ActiveCfg = Release|Any CPU
		{702F21B6-5497-4EE0-B712-8F0FE1676BD6}.Release|Any CPU.Build.0 = Release|Any CPU
		{BE44B37E-A71D-4ED8-B52F-71645C5BE0CF}.Debug|Any CPU.ActiveCfg = Debug|Any CPU
		{BE44B37E-A71D-4ED8-B52F-71645C5BE0CF}.Debug|Any CPU.Build.0 = Debug|Any CPU
		{BE44B37E-A71D-4ED8-B52F-71645C5BE0CF}.Release|Any CPU.ActiveCfg = Release|Any CPU
		{BE44B37E-A71D-4ED8-B52F-71645C5BE0CF}.Release|Any CPU.Build.0 = Release|Any CPU
	EndGlobalSection
	GlobalSection(SolutionProperties) = preSolution
		HideSolutionNode = FALSE
	EndGlobalSection
	GlobalSection(NestedProjects) = preSolution
		{CA8612AA-6C9C-4C5A-8D68-879F91D572EB} = {B5E5F67C-1FDB-444A-9D7B-ADE6F97E5164}
		{B0104314-BFFB-43D3-8942-6ED5B9B32A75} = {B5E5F67C-1FDB-444A-9D7B-ADE6F97E5164}
		{14FD891C-108D-4B20-84AF-DD11E634CA81} = {B5E5F67C-1FDB-444A-9D7B-ADE6F97E5164}
		{C881E0C1-C4B3-4A4F-8F15-A970F9EDDCAB} = {B5E5F67C-1FDB-444A-9D7B-ADE6F97E5164}
		{5A5162ED-789F-4BA4-B316-CE8E5D1A52F0} = {B5E5F67C-1FDB-444A-9D7B-ADE6F97E5164}
		{F51D423D-1A2F-4A66-91A8-D06307E8DEBF} = {8EB4BA95-FAA7-4F81-8018-9BBD5B01D637}
		{B8239D3C-F375-4161-A39E-369421CE79BE} = {8EB4BA95-FAA7-4F81-8018-9BBD5B01D637}
		{D3FBA665-81A7-41BF-A751-19A8303FCDD1} = {8EB4BA95-FAA7-4F81-8018-9BBD5B01D637}
		{B0D41BDF-D7E5-46EC-8136-B0725D233C8B} = {8EB4BA95-FAA7-4F81-8018-9BBD5B01D637}
		{C9614CBC-4E76-4E37-AFBF-B32E27893C92} = {8EB4BA95-FAA7-4F81-8018-9BBD5B01D637}
		{197BCDC3-1834-451D-B380-0533B9C525EB} = {6D003C35-549A-4921-8B2E-F87C1D0A6E14}
		{5C925E1F-49CB-418F-BEA5-0DFFB77E1471} = {6D003C35-549A-4921-8B2E-F87C1D0A6E14}
		{AB0E4DE5-A899-4B38-8B88-351890F50F0E} = {6D003C35-549A-4921-8B2E-F87C1D0A6E14}
		{F17019AA-5518-4F65-B7E6-7D5A852B411A} = {6D003C35-549A-4921-8B2E-F87C1D0A6E14}
		{89F6E8B3-0D90-4D27-A6D6-8A9C14331DC9} = {1808914B-A038-475C-9D2C-E1474CC7B8AE}
		{65BA0E9F-5A5E-4158-8848-7CCB6F67496F} = {1808914B-A038-475C-9D2C-E1474CC7B8AE}
		{71E74F12-AEFA-4BCA-8193-D3F437974BC7} = {1808914B-A038-475C-9D2C-E1474CC7B8AE}
		{702F21B6-5497-4EE0-B712-8F0FE1676BD6} = {1808914B-A038-475C-9D2C-E1474CC7B8AE}
		{BE44B37E-A71D-4ED8-B52F-71645C5BE0CF} = {84179441-D959-4A61-9F66-79C81D39B5E7}
	EndGlobalSection
	GlobalSection(ExtensibilityGlobals) = postSolution
		SolutionGuid = {1FE87903-EC69-42D9-9332-55E3B22A8DFC}
	EndGlobalSection
EndGlobal
